
Microsoft Visual Studio Solution File, Format Version 12.00
# Visual Studio Version 17
VisualStudioVersion = 17.3.32929.385
MinimumVisualStudioVersion = 10.0.40219.1
Project("{FAE04EC0-301F-11D3-BF4B-00C04F79EFBC}") = "Point_geométrique", "Point_geométrique\Point_geométrique.csproj", "{5A0DBFAF-4B7A-45C0-A26D-7C73F5B06048}"
EndProject
Global
	GlobalSection(SolutionConfigurationPlatforms) = preSolution
		Debug|Any CPU = Debug|Any CPU
		Release|Any CPU = Release|Any CPU
	EndGlobalSection
	GlobalSection(ProjectConfigurationPlatforms) = postSolution
		{5A0DBFAF-4B7A-45C0-A26D-7C73F5B06048}.Debug|Any CPU.ActiveCfg = Debug|Any CPU
		{5A0DBFAF-4B7A-45C0-A26D-7C73F5B06048}.Debug|Any CPU.Build.0 = Debug|Any CPU
		{5A0DBFAF-4B7A-45C0-A26D-7C73F5B06048}.Release|Any CPU.ActiveCfg = Release|Any CPU
		{5A0DBFAF-4B7A-45C0-A26D-7C73F5B06048}.Release|Any CPU.Build.0 = Release|Any CPU
	EndGlobalSection
	GlobalSection(SolutionProperties) = preSolution
		HideSolutionNode = FALSE
	EndGlobalSection
	GlobalSection(ExtensibilityGlobals) = postSolution
		SolutionGuid = {3813EA3C-E39D-4276-8DF5-26E6483A434B}
	EndGlobalSection
EndGlobal
